
Microsoft Visual Studio Solution File, Format Version 12.00
# Visual Studio Version 16
VisualStudioVersion = 16.0.29326.143
MinimumVisualStudioVersion = 10.0.40219.1
Project("{FAE04EC0-301F-11D3-BF4B-00C04F79EFBC}") = "PA6 code", "PA6 code\PA6 code.csproj", "{64987EF2-610D-4076-9754-F8E1E9671D6C}"
EndProject
Global
	GlobalSection(SolutionConfigurationPlatforms) = preSolution
		Debug|Any CPU = Debug|Any CPU
		Release|Any CPU = Release|Any CPU
	EndGlobalSection
	GlobalSection(ProjectConfigurationPlatforms) = postSolution
		{64987EF2-610D-4076-9754-F8E1E9671D6C}.Debug|Any CPU.ActiveCfg = Debug|Any CPU
		{64987EF2-610D-4076-9754-F8E1E9671D6C}.Debug|Any CPU.Build.0 = Debug|Any CPU
		{64987EF2-610D-4076-9754-F8E1E9671D6C}.Release|Any CPU.ActiveCfg = Release|Any CPU
		{64987EF2-610D-4076-9754-F8E1E9671D6C}.Release|Any CPU.Build.0 = Release|Any CPU
	EndGlobalSection
	GlobalSection(SolutionProperties) = preSolution
		HideSolutionNode = FALSE
	EndGlobalSection
	GlobalSection(ExtensibilityGlobals) = postSolution
		SolutionGuid = {FE8469B9-7151-44C5-AAD1-7443C0924854}
	EndGlobalSection
EndGlobal
